// !$*UTF8*$!
{
	archiveVersion = 1;
	classes = {
	};
	objectVersion = 56;
	objects = {

/* Begin PBXBuildFile section */
		D616F9AE2B45ED710014AC5A /* AppDelegate.swift in Sources */ = {isa = PBXBuildFile; fileRef = D616F9AD2B45ED710014AC5A /* AppDelegate.swift */; };
		D616F9B72B45ED730014AC5A /* Assets.xcassets in Resources */ = {isa = PBXBuildFile; fileRef = D616F9B62B45ED730014AC5A /* Assets.xcassets */; };
		D616F9BA2B45ED730014AC5A /* LaunchScreen.storyboard in Resources */ = {isa = PBXBuildFile; fileRef = D616F9B82B45ED730014AC5A /* LaunchScreen.storyboard */; };
		D616F9C52B45ED730014AC5A /* MVVM_BindingTests.swift in Sources */ = {isa = PBXBuildFile; fileRef = D616F9C42B45ED730014AC5A /* MVVM_BindingTests.swift */; };
		D616F9CF2B45ED730014AC5A /* MVVM_BindingUITests.swift in Sources */ = {isa = PBXBuildFile; fileRef = D616F9CE2B45ED730014AC5A /* MVVM_BindingUITests.swift */; };
		D616F9D12B45ED730014AC5A /* MVVM_BindingUITestsLaunchTests.swift in Sources */ = {isa = PBXBuildFile; fileRef = D616F9D02B45ED730014AC5A /* MVVM_BindingUITestsLaunchTests.swift */; };
		D616F9E02B45EE2C0014AC5A /* MainViewController.swift in Sources */ = {isa = PBXBuildFile; fileRef = D616F9DE2B45EE2C0014AC5A /* MainViewController.swift */; };
		D616F9E12B45EE2C0014AC5A /* MainViewController.xib in Resources */ = {isa = PBXBuildFile; fileRef = D616F9DF2B45EE2C0014AC5A /* MainViewController.xib */; };
		D616F9EB2B45F30C0014AC5A /* MainViewModel.swift in Sources */ = {isa = PBXBuildFile; fileRef = D616F9EA2B45F30C0014AC5A /* MainViewModel.swift */; };
		D616F9ED2B45F65A0014AC5A /* NetworkConstant.swift in Sources */ = {isa = PBXBuildFile; fileRef = D616F9EC2B45F65A0014AC5A /* NetworkConstant.swift */; };
		D616F9EF2B45F7460014AC5A /* TrendingMoviesModel.swift in Sources */ = {isa = PBXBuildFile; fileRef = D616F9EE2B45F7460014AC5A /* TrendingMoviesModel.swift */; };
		D616F9F12B45F7EB0014AC5A /* APICaller.swift in Sources */ = {isa = PBXBuildFile; fileRef = D616F9F02B45F7EB0014AC5A /* APICaller.swift */; };
		D616F9F32B45FC490014AC5A /* Observable.swift in Sources */ = {isa = PBXBuildFile; fileRef = D616F9F22B45FC490014AC5A /* Observable.swift */; };
		D616F9F72B4607410014AC5A /* MainMovieCell.swift in Sources */ = {isa = PBXBuildFile; fileRef = D616F9F52B4607410014AC5A /* MainMovieCell.swift */; };
		D616F9F82B4607410014AC5A /* MainMovieCell.xib in Resources */ = {isa = PBXBuildFile; fileRef = D616F9F62B4607410014AC5A /* MainMovieCell.xib */; };
		D616F9FA2B460A730014AC5A /* UIView+Ext.swift in Sources */ = {isa = PBXBuildFile; fileRef = D616F9F92B460A730014AC5A /* UIView+Ext.swift */; };
		D616F9FC2B460B480014AC5A /* MovieTableCellViewModel.swift in Sources */ = {isa = PBXBuildFile; fileRef = D616F9FB2B460B480014AC5A /* MovieTableCellViewModel.swift */; };
		D616F9FF2B460E090014AC5A /* SDWebImage in Frameworks */ = {isa = PBXBuildFile; productRef = D616F9FE2B460E090014AC5A /* SDWebImage */; };
		D616FA012B460E090014AC5A /* SDWebImageMapKit in Frameworks */ = {isa = PBXBuildFile; productRef = D616FA002B460E090014AC5A /* SDWebImageMapKit */; };
/* End PBXBuildFile section */

/* Begin PBXContainerItemProxy section */
		D616F9C12B45ED730014AC5A /* PBXContainerItemProxy */ = {
			isa = PBXContainerItemProxy;
			containerPortal = D616F9A22B45ED700014AC5A /* Project object */;
			proxyType = 1;
			remoteGlobalIDString = D616F9A92B45ED710014AC5A;
			remoteInfo = "MVVM-Binding";
		};
		D616F9CB2B45ED730014AC5A /* PBXContainerItemProxy */ = {
			isa = PBXContainerItemProxy;
			containerPortal = D616F9A22B45ED700014AC5A /* Project object */;
			proxyType = 1;
			remoteGlobalIDString = D616F9A92B45ED710014AC5A;
			remoteInfo = "MVVM-Binding";
		};
/* End PBXContainerItemProxy section */

/* Begin PBXFileReference section */
		D616F9AA2B45ED710014AC5A /* MVVM-Binding.app */ = {isa = PBXFileReference; explicitFileType = wrapper.application; includeInIndex = 0; path = "MVVM-Binding.app"; sourceTree = BUILT_PRODUCTS_DIR; };
		D616F9AD2B45ED710014AC5A /* AppDelegate.swift */ = {isa = PBXFileReference; lastKnownFileType = sourcecode.swift; path = AppDelegate.swift; sourceTree = "<group>"; };
		D616F9B62B45ED730014AC5A /* Assets.xcassets */ = {isa = PBXFileReference; lastKnownFileType = folder.assetcatalog; path = Assets.xcassets; sourceTree = "<group>"; };
		D616F9B92B45ED730014AC5A /* Base */ = {isa = PBXFileReference; lastKnownFileType = file.storyboard; name = Base; path = Base.lproj/LaunchScreen.storyboard; sourceTree = "<group>"; };
		D616F9BB2B45ED730014AC5A /* Info.plist */ = {isa = PBXFileReference; lastKnownFileType = text.plist.xml; path = Info.plist; sourceTree = "<group>"; };
		D616F9C02B45ED730014AC5A /* MVVM-BindingTests.xctest */ = {isa = PBXFileReference; explicitFileType = wrapper.cfbundle; includeInIndex = 0; path = "MVVM-BindingTests.xctest"; sourceTree = BUILT_PRODUCTS_DIR; };
		D616F9C42B45ED730014AC5A /* MVVM_BindingTests.swift */ = {isa = PBXFileReference; lastKnownFileType = sourcecode.swift; path = MVVM_BindingTests.swift; sourceTree = "<group>"; };
		D616F9CA2B45ED730014AC5A /* MVVM-BindingUITests.xctest */ = {isa = PBXFileReference; explicitFileType = wrapper.cfbundle; includeInIndex = 0; path = "MVVM-BindingUITests.xctest"; sourceTree = BUILT_PRODUCTS_DIR; };
		D616F9CE2B45ED730014AC5A /* MVVM_BindingUITests.swift */ = {isa = PBXFileReference; lastKnownFileType = sourcecode.swift; path = MVVM_BindingUITests.swift; sourceTree = "<group>"; };
		D616F9D02B45ED730014AC5A /* MVVM_BindingUITestsLaunchTests.swift */ = {isa = PBXFileReference; lastKnownFileType = sourcecode.swift; path = MVVM_BindingUITestsLaunchTests.swift; sourceTree = "<group>"; };
		D616F9DE2B45EE2C0014AC5A /* MainViewController.swift */ = {isa = PBXFileReference; lastKnownFileType = sourcecode.swift; path = MainViewController.swift; sourceTree = "<group>"; };
		D616F9DF2B45EE2C0014AC5A /* MainViewController.xib */ = {isa = PBXFileReference; lastKnownFileType = file.xib; path = MainViewController.xib; sourceTree = "<group>"; };
		D616F9EA2B45F30C0014AC5A /* MainViewModel.swift */ = {isa = PBXFileReference; lastKnownFileType = sourcecode.swift; path = MainViewModel.swift; sourceTree = "<group>"; };
		D616F9EC2B45F65A0014AC5A /* NetworkConstant.swift */ = {isa = PBXFileReference; lastKnownFileType = sourcecode.swift; path = NetworkConstant.swift; sourceTree = "<group>"; };
		D616F9EE2B45F7460014AC5A /* TrendingMoviesModel.swift */ = {isa = PBXFileReference; lastKnownFileType = sourcecode.swift; path = TrendingMoviesModel.swift; sourceTree = "<group>"; };
		D616F9F02B45F7EB0014AC5A /* APICaller.swift */ = {isa = PBXFileReference; lastKnownFileType = sourcecode.swift; path = APICaller.swift; sourceTree = "<group>"; };
		D616F9F22B45FC490014AC5A /* Observable.swift */ = {isa = PBXFileReference; lastKnownFileType = sourcecode.swift; path = Observable.swift; sourceTree = "<group>"; };
		D616F9F52B4607410014AC5A /* MainMovieCell.swift */ = {isa = PBXFileReference; lastKnownFileType = sourcecode.swift; path = MainMovieCell.swift; sourceTree = "<group>"; };
		D616F9F62B4607410014AC5A /* MainMovieCell.xib */ = {isa = PBXFileReference; lastKnownFileType = file.xib; path = MainMovieCell.xib; sourceTree = "<group>"; };
		D616F9F92B460A730014AC5A /* UIView+Ext.swift */ = {isa = PBXFileReference; lastKnownFileType = sourcecode.swift; path = "UIView+Ext.swift"; sourceTree = "<group>"; };
		D616F9FB2B460B480014AC5A /* MovieTableCellViewModel.swift */ = {isa = PBXFileReference; lastKnownFileType = sourcecode.swift; path = MovieTableCellViewModel.swift; sourceTree = "<group>"; };
/* End PBXFileReference section */

/* Begin PBXFrameworksBuildPhase section */
		D616F9A72B45ED710014AC5A /* Frameworks */ = {
			isa = PBXFrameworksBuildPhase;
			buildActionMask = 2147483647;
			files = (
				D616FA012B460E090014AC5A /* SDWebImageMapKit in Frameworks */,
				D616F9FF2B460E090014AC5A /* SDWebImage in Frameworks */,
			);
			runOnlyForDeploymentPostprocessing = 0;
		};
		D616F9BD2B45ED730014AC5A /* Frameworks */ = {
			isa = PBXFrameworksBuildPhase;
			buildActionMask = 2147483647;
			files = (
			);
			runOnlyForDeploymentPostprocessing = 0;
		};
		D616F9C72B45ED730014AC5A /* Frameworks */ = {
			isa = PBXFrameworksBuildPhase;
			buildActionMask = 2147483647;
			files = (
			);
			runOnlyForDeploymentPostprocessing = 0;
		};
/* End PBXFrameworksBuildPhase section */

/* Begin PBXGroup section */
		D616F9A12B45ED700014AC5A = {
			isa = PBXGroup;
			children = (
				D616F9AC2B45ED710014AC5A /* MVVM-Binding */,
				D616F9C32B45ED730014AC5A /* MVVM-BindingTests */,
				D616F9CD2B45ED730014AC5A /* MVVM-BindingUITests */,
				D616F9AB2B45ED710014AC5A /* Products */,
			);
			sourceTree = "<group>";
		};
		D616F9AB2B45ED710014AC5A /* Products */ = {
			isa = PBXGroup;
			children = (
				D616F9AA2B45ED710014AC5A /* MVVM-Binding.app */,
				D616F9C02B45ED730014AC5A /* MVVM-BindingTests.xctest */,
				D616F9CA2B45ED730014AC5A /* MVVM-BindingUITests.xctest */,
			);
			name = Products;
			sourceTree = "<group>";
		};
		D616F9AC2B45ED710014AC5A /* MVVM-Binding */ = {
			isa = PBXGroup;
			children = (
				D616F9E92B45F03F0014AC5A /* Networking */,
				D616F9E82B45F03A0014AC5A /* Extensions */,
				D616F9E72B45F01C0014AC5A /* Resources */,
				D616F9E62B45F0050014AC5A /* Classes */,
				D616F9E52B45EFFE0014AC5A /* Model */,
				D616F9E42B45EFF80014AC5A /* Controllers */,
				D616F9E32B45EFEC0014AC5A /* ViewModel */,
				D616F9E22B45EFE60014AC5A /* View */,
				D616F9AD2B45ED710014AC5A /* AppDelegate.swift */,
				D616F9BB2B45ED730014AC5A /* Info.plist */,
			);
			path = "MVVM-Binding";
			sourceTree = "<group>";
		};
		D616F9C32B45ED730014AC5A /* MVVM-BindingTests */ = {
			isa = PBXGroup;
			children = (
				D616F9C42B45ED730014AC5A /* MVVM_BindingTests.swift */,
			);
			path = "MVVM-BindingTests";
			sourceTree = "<group>";
		};
		D616F9CD2B45ED730014AC5A /* MVVM-BindingUITests */ = {
			isa = PBXGroup;
			children = (
				D616F9CE2B45ED730014AC5A /* MVVM_BindingUITests.swift */,
				D616F9D02B45ED730014AC5A /* MVVM_BindingUITestsLaunchTests.swift */,
			);
			path = "MVVM-BindingUITests";
			sourceTree = "<group>";
		};
		D616F9DD2B45EE1C0014AC5A /* MainViewController */ = {
			isa = PBXGroup;
			children = (
				D616F9DE2B45EE2C0014AC5A /* MainViewController.swift */,
				D616F9DF2B45EE2C0014AC5A /* MainViewController.xib */,
			);
			path = MainViewController;
			sourceTree = "<group>";
		};
		D616F9E22B45EFE60014AC5A /* View */ = {
			isa = PBXGroup;
			children = (
				D616F9F42B46072C0014AC5A /* MainMovieCell */,
				D616F9B82B45ED730014AC5A /* LaunchScreen.storyboard */,
			);
			path = View;
			sourceTree = "<group>";
		};
		D616F9E32B45EFEC0014AC5A /* ViewModel */ = {
			isa = PBXGroup;
			children = (
				D616F9EA2B45F30C0014AC5A /* MainViewModel.swift */,
				D616F9FB2B460B480014AC5A /* MovieTableCellViewModel.swift */,
			);
			path = ViewModel;
			sourceTree = "<group>";
		};
		D616F9E42B45EFF80014AC5A /* Controllers */ = {
			isa = PBXGroup;
			children = (
				D616F9DD2B45EE1C0014AC5A /* MainViewController */,
			);
			path = Controllers;
			sourceTree = "<group>";
		};
		D616F9E52B45EFFE0014AC5A /* Model */ = {
			isa = PBXGroup;
			children = (
				D616F9EE2B45F7460014AC5A /* TrendingMoviesModel.swift */,
			);
			path = Model;
			sourceTree = "<group>";
		};
		D616F9E62B45F0050014AC5A /* Classes */ = {
			isa = PBXGroup;
			children = (
				D616F9F22B45FC490014AC5A /* Observable.swift */,
			);
			path = Classes;
			sourceTree = "<group>";
		};
		D616F9E72B45F01C0014AC5A /* Resources */ = {
			isa = PBXGroup;
			children = (
				D616F9B62B45ED730014AC5A /* Assets.xcassets */,
			);
			path = Resources;
			sourceTree = "<group>";
		};
		D616F9E82B45F03A0014AC5A /* Extensions */ = {
			isa = PBXGroup;
			children = (
				D616F9F92B460A730014AC5A /* UIView+Ext.swift */,
			);
			path = Extensions;
			sourceTree = "<group>";
		};
		D616F9E92B45F03F0014AC5A /* Networking */ = {
			isa = PBXGroup;
			children = (
				D616F9EC2B45F65A0014AC5A /* NetworkConstant.swift */,
				D616F9F02B45F7EB0014AC5A /* APICaller.swift */,
			);
			path = Networking;
			sourceTree = "<group>";
		};
		D616F9F42B46072C0014AC5A /* MainMovieCell */ = {
			isa = PBXGroup;
			children = (
				D616F9F52B4607410014AC5A /* MainMovieCell.swift */,
				D616F9F62B4607410014AC5A /* MainMovieCell.xib */,
			);
			path = MainMovieCell;
			sourceTree = "<group>";
		};
/* End PBXGroup section */

/* Begin PBXNativeTarget section */
		D616F9A92B45ED710014AC5A /* MVVM-Binding */ = {
			isa = PBXNativeTarget;
			buildConfigurationList = D616F9D42B45ED730014AC5A /* Build configuration list for PBXNativeTarget "MVVM-Binding" */;
			buildPhases = (
				D616F9A62B45ED710014AC5A /* Sources */,
				D616F9A72B45ED710014AC5A /* Frameworks */,
				D616F9A82B45ED710014AC5A /* Resources */,
			);
			buildRules = (
			);
			dependencies = (
			);
			name = "MVVM-Binding";
			packageProductDependencies = (
				D616F9FE2B460E090014AC5A /* SDWebImage */,
				D616FA002B460E090014AC5A /* SDWebImageMapKit */,
			);
			productName = "MVVM-Binding";
			productReference = D616F9AA2B45ED710014AC5A /* MVVM-Binding.app */;
			productType = "com.apple.product-type.application";
		};
		D616F9BF2B45ED730014AC5A /* MVVM-BindingTests */ = {
			isa = PBXNativeTarget;
			buildConfigurationList = D616F9D72B45ED730014AC5A /* Build configuration list for PBXNativeTarget "MVVM-BindingTests" */;
			buildPhases = (
				D616F9BC2B45ED730014AC5A /* Sources */,
				D616F9BD2B45ED730014AC5A /* Frameworks */,
				D616F9BE2B45ED730014AC5A /* Resources */,
			);
			buildRules = (
			);
			dependencies = (
				D616F9C22B45ED730014AC5A /* PBXTargetDependency */,
			);
			name = "MVVM-BindingTests";
			productName = "MVVM-BindingTests";
			productReference = D616F9C02B45ED730014AC5A /* MVVM-BindingTests.xctest */;
			productType = "com.apple.product-type.bundle.unit-test";
		};
		D616F9C92B45ED730014AC5A /* MVVM-BindingUITests */ = {
			isa = PBXNativeTarget;
			buildConfigurationList = D616F9DA2B45ED730014AC5A /* Build configuration list for PBXNativeTarget "MVVM-BindingUITests" */;
			buildPhases = (
				D616F9C62B45ED730014AC5A /* Sources */,
				D616F9C72B45ED730014AC5A /* Frameworks */,
				D616F9C82B45ED730014AC5A /* Resources */,
			);
			buildRules = (
			);
			dependencies = (
				D616F9CC2B45ED730014AC5A /* PBXTargetDependency */,
			);
			name = "MVVM-BindingUITests";
			productName = "MVVM-BindingUITests";
			productReference = D616F9CA2B45ED730014AC5A /* MVVM-BindingUITests.xctest */;
			productType = "com.apple.product-type.bundle.ui-testing";
		};
/* End PBXNativeTarget section */

/* Begin PBXProject section */
		D616F9A22B45ED700014AC5A /* Project object */ = {
			isa = PBXProject;
			attributes = {
				BuildIndependentTargetsInParallel = 1;
				LastSwiftUpdateCheck = 1500;
				LastUpgradeCheck = 1500;
				TargetAttributes = {
					D616F9A92B45ED710014AC5A = {
						CreatedOnToolsVersion = 15.0.1;
					};
					D616F9BF2B45ED730014AC5A = {
						CreatedOnToolsVersion = 15.0.1;
						TestTargetID = D616F9A92B45ED710014AC5A;
					};
					D616F9C92B45ED730014AC5A = {
						CreatedOnToolsVersion = 15.0.1;
						TestTargetID = D616F9A92B45ED710014AC5A;
					};
				};
			};
			buildConfigurationList = D616F9A52B45ED700014AC5A /* Build configuration list for PBXProject "MVVM-Binding" */;
			compatibilityVersion = "Xcode 14.0";
			developmentRegion = en;
			hasScannedForEncodings = 0;
			knownRegions = (
				en,
				Base,
			);
			mainGroup = D616F9A12B45ED700014AC5A;
			packageReferences = (
				D616F9FD2B460D6C0014AC5A /* XCRemoteSwiftPackageReference "SDWebImage" */,
			);
			productRefGroup = D616F9AB2B45ED710014AC5A /* Products */;
			projectDirPath = "";
			projectRoot = "";
			targets = (
				D616F9A92B45ED710014AC5A /* MVVM-Binding */,
				D616F9BF2B45ED730014AC5A /* MVVM-BindingTests */,
				D616F9C92B45ED730014AC5A /* MVVM-BindingUITests */,
			);
		};
/* End PBXProject section */

/* Begin PBXResourcesBuildPhase section */
		D616F9A82B45ED710014AC5A /* Resources */ = {
			isa = PBXResourcesBuildPhase;
			buildActionMask = 2147483647;
			files = (
				D616F9BA2B45ED730014AC5A /* LaunchScreen.storyboard in Resources */,
				D616F9E12B45EE2C0014AC5A /* MainViewController.xib in Resources */,
				D616F9B72B45ED730014AC5A /* Assets.xcassets in Resources */,
				D616F9F82B4607410014AC5A /* MainMovieCell.xib in Resources */,
			);
			runOnlyForDeploymentPostprocessing = 0;
		};
		D616F9BE2B45ED730014AC5A /* Resources */ = {
			isa = PBXResourcesBuildPhase;
			buildActionMask = 2147483647;
			files = (
			);
			runOnlyForDeploymentPostprocessing = 0;
		};
		D616F9C82B45ED730014AC5A /* Resources */ = {
			isa = PBXResourcesBuildPhase;
			buildActionMask = 2147483647;
			files = (
			);
			runOnlyForDeploymentPostprocessing = 0;
		};
/* End PBXResourcesBuildPhase section */

/* Begin PBXSourcesBuildPhase section */
		D616F9A62B45ED710014AC5A /* Sources */ = {
			isa = PBXSourcesBuildPhase;
			buildActionMask = 2147483647;
			files = (
				D616F9ED2B45F65A0014AC5A /* NetworkConstant.swift in Sources */,
				D616F9F12B45F7EB0014AC5A /* APICaller.swift in Sources */,
				D616F9EF2B45F7460014AC5A /* TrendingMoviesModel.swift in Sources */,
				D616F9F72B4607410014AC5A /* MainMovieCell.swift in Sources */,
				D616F9FC2B460B480014AC5A /* MovieTableCellViewModel.swift in Sources */,
				D616F9F32B45FC490014AC5A /* Observable.swift in Sources */,
				D616F9FA2B460A730014AC5A /* UIView+Ext.swift in Sources */,
				D616F9AE2B45ED710014AC5A /* AppDelegate.swift in Sources */,
				D616F9E02B45EE2C0014AC5A /* MainViewController.swift in Sources */,
				D616F9EB2B45F30C0014AC5A /* MainViewModel.swift in Sources */,
			);
			runOnlyForDeploymentPostprocessing = 0;
		};
		D616F9BC2B45ED730014AC5A /* Sources */ = {
			isa = PBXSourcesBuildPhase;
			buildActionMask = 2147483647;
			files = (
				D616F9C52B45ED730014AC5A /* MVVM_BindingTests.swift in Sources */,
			);
			runOnlyForDeploymentPostprocessing = 0;
		};
		D616F9C62B45ED730014AC5A /* Sources */ = {
			isa = PBXSourcesBuildPhase;
			buildActionMask = 2147483647;
			files = (
				D616F9D12B45ED730014AC5A /* MVVM_BindingUITestsLaunchTests.swift in Sources */,
				D616F9CF2B45ED730014AC5A /* MVVM_BindingUITests.swift in Sources */,
			);
			runOnlyForDeploymentPostprocessing = 0;
		};
/* End PBXSourcesBuildPhase section */

/* Begin PBXTargetDependency section */
		D616F9C22B45ED730014AC5A /* PBXTargetDependency */ = {
			isa = PBXTargetDependency;
			target = D616F9A92B45ED710014AC5A /* MVVM-Binding */;
			targetProxy = D616F9C12B45ED730014AC5A /* PBXContainerItemProxy */;
		};
		D616F9CC2B45ED730014AC5A /* PBXTargetDependency */ = {
			isa = PBXTargetDependency;
			target = D616F9A92B45ED710014AC5A /* MVVM-Binding */;
			targetProxy = D616F9CB2B45ED730014AC5A /* PBXContainerItemProxy */;
		};
/* End PBXTargetDependency section */

/* Begin PBXVariantGroup section */
		D616F9B82B45ED730014AC5A /* LaunchScreen.storyboard */ = {
			isa = PBXVariantGroup;
			children = (
				D616F9B92B45ED730014AC5A /* Base */,
			);
			name = LaunchScreen.storyboard;
			sourceTree = "<group>";
		};
/* End PBXVariantGroup section */

/* Begin XCBuildConfiguration section */
		D616F9D22B45ED730014AC5A /* Debug */ = {
			isa = XCBuildConfiguration;
			buildSettings = {
				ALWAYS_SEARCH_USER_PATHS = NO;
				ASSETCATALOG_COMPILER_GENERATE_SWIFT_ASSET_SYMBOL_EXTENSIONS = YES;
				CLANG_ANALYZER_NONNULL = YES;
				CLANG_ANALYZER_NUMBER_OBJECT_CONVERSION = YES_AGGRESSIVE;
				CLANG_CXX_LANGUAGE_STANDARD = "gnu++20";
				CLANG_ENABLE_MODULES = YES;
				CLANG_ENABLE_OBJC_ARC = YES;
				CLANG_ENABLE_OBJC_WEAK = YES;
				CLANG_WARN_BLOCK_CAPTURE_AUTORELEASING = YES;
				CLANG_WARN_BOOL_CONVERSION = YES;
				CLANG_WARN_COMMA = YES;
				CLANG_WARN_CONSTANT_CONVERSION = YES;
				CLANG_WARN_DEPRECATED_OBJC_IMPLEMENTATIONS = YES;
				CLANG_WARN_DIRECT_OBJC_ISA_USAGE = YES_ERROR;
				CLANG_WARN_DOCUMENTATION_COMMENTS = YES;
				CLANG_WARN_EMPTY_BODY = YES;
				CLANG_WARN_ENUM_CONVERSION = YES;
				CLANG_WARN_INFINITE_RECURSION = YES;
				CLANG_WARN_INT_CONVERSION = YES;
				CLANG_WARN_NON_LITERAL_NULL_CONVERSION = YES;
				CLANG_WARN_OBJC_IMPLICIT_RETAIN_SELF = YES;
				CLANG_WARN_OBJC_LITERAL_CONVERSION = YES;
				CLANG_WARN_OBJC_ROOT_CLASS = YES_ERROR;
				CLANG_WARN_QUOTED_INCLUDE_IN_FRAMEWORK_HEADER = YES;
				CLANG_WARN_RANGE_LOOP_ANALYSIS = YES;
				CLANG_WARN_STRICT_PROTOTYPES = YES;
				CLANG_WARN_SUSPICIOUS_MOVE = YES;
				CLANG_WARN_UNGUARDED_AVAILABILITY = YES_AGGRESSIVE;
				CLANG_WARN_UNREACHABLE_CODE = YES;
				CLANG_WARN__DUPLICATE_METHOD_MATCH = YES;
				COPY_PHASE_STRIP = NO;
				DEBUG_INFORMATION_FORMAT = dwarf;
				ENABLE_STRICT_OBJC_MSGSEND = YES;
				ENABLE_TESTABILITY = YES;
				ENABLE_USER_SCRIPT_SANDBOXING = YES;
				GCC_C_LANGUAGE_STANDARD = gnu17;
				GCC_DYNAMIC_NO_PIC = NO;
				GCC_NO_COMMON_BLOCKS = YES;
				GCC_OPTIMIZATION_LEVEL = 0;
				GCC_PREPROCESSOR_DEFINITIONS = (
					"DEBUG=1",
					"$(inherited)",
				);
				GCC_WARN_64_TO_32_BIT_CONVERSION = YES;
				GCC_WARN_ABOUT_RETURN_TYPE = YES_ERROR;
				GCC_WARN_UNDECLARED_SELECTOR = YES;
				GCC_WARN_UNINITIALIZED_AUTOS = YES_AGGRESSIVE;
				GCC_WARN_UNUSED_FUNCTION = YES;
				GCC_WARN_UNUSED_VARIABLE = YES;
				IPHONEOS_DEPLOYMENT_TARGET = 17.0;
				LOCALIZATION_PREFERS_STRING_CATALOGS = YES;
				MTL_ENABLE_DEBUG_INFO = INCLUDE_SOURCE;
				MTL_FAST_MATH = YES;
				ONLY_ACTIVE_ARCH = YES;
				SDKROOT = iphoneos;
				SWIFT_ACTIVE_COMPILATION_CONDITIONS = "DEBUG $(inherited)";
				SWIFT_OPTIMIZATION_LEVEL = "-Onone";
			};
			name = Debug;
		};
		D616F9D32B45ED730014AC5A /* Release */ = {
			isa = XCBuildConfiguration;
			buildSettings = {
				ALWAYS_SEARCH_USER_PATHS = NO;
				ASSETCATALOG_COMPILER_GENERATE_SWIFT_ASSET_SYMBOL_EXTENSIONS = YES;
				CLANG_ANALYZER_NONNULL = YES;
				CLANG_ANALYZER_NUMBER_OBJECT_CONVERSION = YES_AGGRESSIVE;
				CLANG_CXX_LANGUAGE_STANDARD = "gnu++20";
				CLANG_ENABLE_MODULES = YES;
				CLANG_ENABLE_OBJC_ARC = YES;
				CLANG_ENABLE_OBJC_WEAK = YES;
				CLANG_WARN_BLOCK_CAPTURE_AUTORELEASING = YES;
				CLANG_WARN_BOOL_CONVERSION = YES;
				CLANG_WARN_COMMA = YES;
				CLANG_WARN_CONSTANT_CONVERSION = YES;
				CLANG_WARN_DEPRECATED_OBJC_IMPLEMENTATIONS = YES;
				CLANG_WARN_DIRECT_OBJC_ISA_USAGE = YES_ERROR;
				CLANG_WARN_DOCUMENTATION_COMMENTS = YES;
				CLANG_WARN_EMPTY_BODY = YES;
				CLANG_WARN_ENUM_CONVERSION = YES;
				CLANG_WARN_INFINITE_RECURSION = YES;
				CLANG_WARN_INT_CONVERSION = YES;
				CLANG_WARN_NON_LITERAL_NULL_CONVERSION = YES;
				CLANG_WARN_OBJC_IMPLICIT_RETAIN_SELF = YES;
				CLANG_WARN_OBJC_LITERAL_CONVERSION = YES;
				CLANG_WARN_OBJC_ROOT_CLASS = YES_ERROR;
				CLANG_WARN_QUOTED_INCLUDE_IN_FRAMEWORK_HEADER = YES;
				CLANG_WARN_RANGE_LOOP_ANALYSIS = YES;
				CLANG_WARN_STRICT_PROTOTYPES = YES;
				CLANG_WARN_SUSPICIOUS_MOVE = YES;
				CLANG_WARN_UNGUARDED_AVAILABILITY = YES_AGGRESSIVE;
				CLANG_WARN_UNREACHABLE_CODE = YES;
				CLANG_WARN__DUPLICATE_METHOD_MATCH = YES;
				COPY_PHASE_STRIP = NO;
				DEBUG_INFORMATION_FORMAT = "dwarf-with-dsym";
				ENABLE_NS_ASSERTIONS = NO;
				ENABLE_STRICT_OBJC_MSGSEND = YES;
				ENABLE_USER_SCRIPT_SANDBOXING = YES;
				GCC_C_LANGUAGE_STANDARD = gnu17;
				GCC_NO_COMMON_BLOCKS = YES;
				GCC_WARN_64_TO_32_BIT_CONVERSION = YES;
				GCC_WARN_ABOUT_RETURN_TYPE = YES_ERROR;
				GCC_WARN_UNDECLARED_SELECTOR = YES;
				GCC_WARN_UNINITIALIZED_AUTOS = YES_AGGRESSIVE;
				GCC_WARN_UNUSED_FUNCTION = YES;
				GCC_WARN_UNUSED_VARIABLE = YES;
				IPHONEOS_DEPLOYMENT_TARGET = 17.0;
				LOCALIZATION_PREFERS_STRING_CATALOGS = YES;
				MTL_ENABLE_DEBUG_INFO = NO;
				MTL_FAST_MATH = YES;
				SDKROOT = iphoneos;
				SWIFT_COMPILATION_MODE = wholemodule;
				VALIDATE_PRODUCT = YES;
			};
			name = Release;
		};
		D616F9D52B45ED730014AC5A /* Debug */ = {
			isa = XCBuildConfiguration;
			buildSettings = {
				ASSETCATALOG_COMPILER_APPICON_NAME = AppIcon;
				ASSETCATALOG_COMPILER_GLOBAL_ACCENT_COLOR_NAME = AccentColor;
				CODE_SIGN_STYLE = Automatic;
				CURRENT_PROJECT_VERSION = 1;
				DEVELOPMENT_TEAM = Z9VC2L39AT;
				GENERATE_INFOPLIST_FILE = YES;
				INFOPLIST_FILE = "MVVM-Binding/Info.plist";
				INFOPLIST_KEY_UIApplicationSupportsIndirectInputEvents = YES;
				INFOPLIST_KEY_UILaunchStoryboardName = LaunchScreen;
				INFOPLIST_KEY_UISupportedInterfaceOrientations = UIInterfaceOrientationPortrait;
				INFOPLIST_KEY_UISupportedInterfaceOrientations_iPad = "UIInterfaceOrientationLandscapeLeft UIInterfaceOrientationLandscapeRight UIInterfaceOrientationPortrait UIInterfaceOrientationPortraitUpsideDown";
				LD_RUNPATH_SEARCH_PATHS = (
					"$(inherited)",
					"@executable_path/Frameworks",
				);
				MARKETING_VERSION = 1.0;
				PRODUCT_BUNDLE_IDENTIFIER = "co.thenasserr.MVVM-Binding";
				PRODUCT_NAME = "$(TARGET_NAME)";
				SWIFT_EMIT_LOC_STRINGS = YES;
				SWIFT_VERSION = 5.0;
				TARGETED_DEVICE_FAMILY = "1,2";
			};
			name = Debug;
		};
		D616F9D62B45ED730014AC5A /* Release */ = {
			isa = XCBuildConfiguration;
			buildSettings = {
				ASSETCATALOG_COMPILER_APPICON_NAME = AppIcon;
				ASSETCATALOG_COMPILER_GLOBAL_ACCENT_COLOR_NAME = AccentColor;
				CODE_SIGN_STYLE = Automatic;
				CURRENT_PROJECT_VERSION = 1;
				DEVELOPMENT_TEAM = Z9VC2L39AT;
				GENERATE_INFOPLIST_FILE = YES;
				INFOPLIST_FILE = "MVVM-Binding/Info.plist";
				INFOPLIST_KEY_UIApplicationSupportsIndirectInputEvents = YES;
				INFOPLIST_KEY_UILaunchStoryboardName = LaunchScreen;
				INFOPLIST_KEY_UISupportedInterfaceOrientations = UIInterfaceOrientationPortrait;
				INFOPLIST_KEY_UISupportedInterfaceOrientations_iPad = "UIInterfaceOrientationLandscapeLeft UIInterfaceOrientationLandscapeRight UIInterfaceOrientationPortrait UIInterfaceOrientationPortraitUpsideDown";
				LD_RUNPATH_SEARCH_PATHS = (
					"$(inherited)",
					"@executable_path/Frameworks",
				);
				MARKETING_VERSION = 1.0;
				PRODUCT_BUNDLE_IDENTIFIER = "co.thenasserr.MVVM-Binding";
				PRODUCT_NAME = "$(TARGET_NAME)";
				SWIFT_EMIT_LOC_STRINGS = YES;
				SWIFT_VERSION = 5.0;
				TARGETED_DEVICE_FAMILY = "1,2";
			};
			name = Release;
		};
		D616F9D82B45ED730014AC5A /* Debug */ = {
			isa = XCBuildConfiguration;
			buildSettings = {
				ALWAYS_EMBED_SWIFT_STANDARD_LIBRARIES = YES;
				BUNDLE_LOADER = "$(TEST_HOST)";
				CODE_SIGN_STYLE = Automatic;
				CURRENT_PROJECT_VERSION = 1;
				DEVELOPMENT_TEAM = Z9VC2L39AT;
				GENERATE_INFOPLIST_FILE = YES;
				IPHONEOS_DEPLOYMENT_TARGET = 17.0;
				MARKETING_VERSION = 1.0;
				PRODUCT_BUNDLE_IDENTIFIER = "co.thenasserr.MVVM-BindingTests";
				PRODUCT_NAME = "$(TARGET_NAME)";
				SWIFT_EMIT_LOC_STRINGS = NO;
				SWIFT_VERSION = 5.0;
				TARGETED_DEVICE_FAMILY = "1,2";
				TEST_HOST = "$(BUILT_PRODUCTS_DIR)/MVVM-Binding.app/$(BUNDLE_EXECUTABLE_FOLDER_PATH)/MVVM-Binding";
			};
			name = Debug;
		};
		D616F9D92B45ED730014AC5A /* Release */ = {
			isa = XCBuildConfiguration;
			buildSettings = {
				ALWAYS_EMBED_SWIFT_STANDARD_LIBRARIES = YES;
				BUNDLE_LOADER = "$(TEST_HOST)";
				CODE_SIGN_STYLE = Automatic;
				CURRENT_PROJECT_VERSION = 1;
				DEVELOPMENT_TEAM = Z9VC2L39AT;
				GENERATE_INFOPLIST_FILE = YES;
				IPHONEOS_DEPLOYMENT_TARGET = 17.0;
				MARKETING_VERSION = 1.0;
				PRODUCT_BUNDLE_IDENTIFIER = "co.thenasserr.MVVM-BindingTests";
				PRODUCT_NAME = "$(TARGET_NAME)";
				SWIFT_EMIT_LOC_STRINGS = NO;
				SWIFT_VERSION = 5.0;
				TARGETED_DEVICE_FAMILY = "1,2";
				TEST_HOST = "$(BUILT_PRODUCTS_DIR)/MVVM-Binding.app/$(BUNDLE_EXECUTABLE_FOLDER_PATH)/MVVM-Binding";
			};
			name = Release;
		};
		D616F9DB2B45ED730014AC5A /* Debug */ = {
			isa = XCBuildConfiguration;
			buildSettings = {
				ALWAYS_EMBED_SWIFT_STANDARD_LIBRARIES = YES;
				CODE_SIGN_STYLE = Automatic;
				CURRENT_PROJECT_VERSION = 1;
				DEVELOPMENT_TEAM = Z9VC2L39AT;
				GENERATE_INFOPLIST_FILE = YES;
				MARKETING_VERSION = 1.0;
				PRODUCT_BUNDLE_IDENTIFIER = "co.thenasserr.MVVM-BindingUITests";
				PRODUCT_NAME = "$(TARGET_NAME)";
				SWIFT_EMIT_LOC_STRINGS = NO;
				SWIFT_VERSION = 5.0;
				TARGETED_DEVICE_FAMILY = "1,2";
				TEST_TARGET_NAME = "MVVM-Binding";
			};
			name = Debug;
		};
		D616F9DC2B45ED730014AC5A /* Release */ = {
			isa = XCBuildConfiguration;
			buildSettings = {
				ALWAYS_EMBED_SWIFT_STANDARD_LIBRARIES = YES;
				CODE_SIGN_STYLE = Automatic;
				CURRENT_PROJECT_VERSION = 1;
				DEVELOPMENT_TEAM = Z9VC2L39AT;
				GENERATE_INFOPLIST_FILE = YES;
				MARKETING_VERSION = 1.0;
				PRODUCT_BUNDLE_IDENTIFIER = "co.thenasserr.MVVM-BindingUITests";
				PRODUCT_NAME = "$(TARGET_NAME)";
				SWIFT_EMIT_LOC_STRINGS = NO;
				SWIFT_VERSION = 5.0;
				TARGETED_DEVICE_FAMILY = "1,2";
				TEST_TARGET_NAME = "MVVM-Binding";
			};
			name = Release;
		};
/* End XCBuildConfiguration section */

/* Begin XCConfigurationList section */
		D616F9A52B45ED700014AC5A /* Build configuration list for PBXProject "MVVM-Binding" */ = {
			isa = XCConfigurationList;
			buildConfigurations = (
				D616F9D22B45ED730014AC5A /* Debug */,
				D616F9D32B45ED730014AC5A /* Release */,
			);
			defaultConfigurationIsVisible = 0;
			defaultConfigurationName = Release;
		};
		D616F9D42B45ED730014AC5A /* Build configuration list for PBXNativeTarget "MVVM-Binding" */ = {
			isa = XCConfigurationList;
			buildConfigurations = (
				D616F9D52B45ED730014AC5A /* Debug */,
				D616F9D62B45ED730014AC5A /* Release */,
			);
			defaultConfigurationIsVisible = 0;
			defaultConfigurationName = Release;
		};
		D616F9D72B45ED730014AC5A /* Build configuration list for PBXNativeTarget "MVVM-BindingTests" */ = {
			isa = XCConfigurationList;
			buildConfigurations = (
				D616F9D82B45ED730014AC5A /* Debug */,
				D616F9D92B45ED730014AC5A /* Release */,
			);
			defaultConfigurationIsVisible = 0;
			defaultConfigurationName = Release;
		};
		D616F9DA2B45ED730014AC5A /* Build configuration list for PBXNativeTarget "MVVM-BindingUITests" */ = {
			isa = XCConfigurationList;
			buildConfigurations = (
				D616F9DB2B45ED730014AC5A /* Debug */,
				D616F9DC2B45ED730014AC5A /* Release */,
			);
			defaultConfigurationIsVisible = 0;
			defaultConfigurationName = Release;
		};
/* End XCConfigurationList section */

/* Begin XCRemoteSwiftPackageReference section */
		D616F9FD2B460D6C0014AC5A /* XCRemoteSwiftPackageReference "SDWebImage" */ = {
			isa = XCRemoteSwiftPackageReference;
			repositoryURL = "https://github.com/SDWebImage/SDWebImage.git";
			requirement = {
				kind = upToNextMajorVersion;
				minimumVersion = 5.18.8;
			};
		};
/* End XCRemoteSwiftPackageReference section */

/* Begin XCSwiftPackageProductDependency section */
		D616F9FE2B460E090014AC5A /* SDWebImage */ = {
			isa = XCSwiftPackageProductDependency;
			package = D616F9FD2B460D6C0014AC5A /* XCRemoteSwiftPackageReference "SDWebImage" */;
			productName = SDWebImage;
		};
		D616FA002B460E090014AC5A /* SDWebImageMapKit */ = {
			isa = XCSwiftPackageProductDependency;
			package = D616F9FD2B460D6C0014AC5A /* XCRemoteSwiftPackageReference "SDWebImage" */;
			productName = SDWebImageMapKit;
		};
/* End XCSwiftPackageProductDependency section */
	};
	rootObject = D616F9A22B45ED700014AC5A /* Project object */;
}
